
Microsoft Visual Studio Solution File, Format Version 12.00
# Visual Studio Version 16
VisualStudioVersion = 16.0.31424.327
MinimumVisualStudioVersion = 10.0.40219.1
Project("{FAE04EC0-301F-11D3-BF4B-00C04F79EFBC}") = "splat", "splat.csproj", "{5FC33640-761F-437A-BFC8-F001956163FE}"
EndProject
Global
	GlobalSection(SolutionConfigurationPlatforms) = preSolution
		Debug|Any CPU = Debug|Any CPU
		Release|Any CPU = Release|Any CPU
	EndGlobalSection
	GlobalSection(ProjectConfigurationPlatforms) = postSolution
		{5FC33640-761F-437A-BFC8-F001956163FE}.Debug|Any CPU.ActiveCfg = Debug|Any CPU
		{5FC33640-761F-437A-BFC8-F001956163FE}.Debug|Any CPU.Build.0 = Debug|Any CPU
		{5FC33640-761F-437A-BFC8-F001956163FE}.Release|Any CPU.ActiveCfg = Release|Any CPU
		{5FC33640-761F-437A-BFC8-F001956163FE}.Release|Any CPU.Build.0 = Release|Any CPU
	EndGlobalSection
	GlobalSection(SolutionProperties) = preSolution
		HideSolutionNode = FALSE
	EndGlobalSection
	GlobalSection(ExtensibilityGlobals) = postSolution
		SolutionGuid = {592B4647-4813-4C2D-9562-5ACC243F3EBD}
	EndGlobalSection
EndGlobal
